
Microsoft Visual Studio Solution File, Format Version 12.00
# Visual Studio Version 17
VisualStudioVersion = 17.11.35327.3
MinimumVisualStudioVersion = 10.0.40219.1
Project("{FAE04EC0-301F-11D3-BF4B-00C04F79EFBC}") = "Colorado", "Colorado\Colorado.csproj", "{1C44E66C-B023-4732-B3D9-ABE6FFBC706E}"
EndProject
Global
	GlobalSection(SolutionConfigurationPlatforms) = preSolution
		Debug|Any CPU = Debug|Any CPU
		Release|Any CPU = Release|Any CPU
	EndGlobalSection
	GlobalSection(ProjectConfigurationPlatforms) = postSolution
		{1C44E66C-B023-4732-B3D9-ABE6FFBC706E}.Debug|Any CPU.ActiveCfg = Debug|Any CPU
		{1C44E66C-B023-4732-B3D9-ABE6FFBC706E}.Debug|Any CPU.Build.0 = Debug|Any CPU
		{1C44E66C-B023-4732-B3D9-ABE6FFBC706E}.Release|Any CPU.ActiveCfg = Release|Any CPU
		{1C44E66C-B023-4732-B3D9-ABE6FFBC706E}.Release|Any CPU.Build.0 = Release|Any CPU
	EndGlobalSection
	GlobalSection(SolutionProperties) = preSolution
		HideSolutionNode = FALSE
	EndGlobalSection
	GlobalSection(ExtensibilityGlobals) = postSolution
		SolutionGuid = {EDD68C82-E02E-4CBE-93A1-849104675F14}
	EndGlobalSection
EndGlobal
